
Microsoft Visual Studio Solution File, Format Version 12.00
# Visual Studio Version 16
VisualStudioVersion = 16.0.32228.343
MinimumVisualStudioVersion = 10.0.40219.1
Project("{FAE04EC0-301F-11D3-BF4B-00C04F79EFBC}") = "Kurs_DesignPattern_Laboration_3_Vidareutveckla", "Kurs_DesignPattern_Laboration_3_Vidareutveckla\Kurs_DesignPattern_Laboration_3_Vidareutveckla.csproj", "{75B30086-E3F7-4AB2-8F54-914530D134B2}"
EndProject
Global
	GlobalSection(SolutionConfigurationPlatforms) = preSolution
		Debug|Any CPU = Debug|Any CPU
		Release|Any CPU = Release|Any CPU
	EndGlobalSection
	GlobalSection(ProjectConfigurationPlatforms) = postSolution
		{75B30086-E3F7-4AB2-8F54-914530D134B2}.Debug|Any CPU.ActiveCfg = Debug|Any CPU
		{75B30086-E3F7-4AB2-8F54-914530D134B2}.Debug|Any CPU.Build.0 = Debug|Any CPU
		{75B30086-E3F7-4AB2-8F54-914530D134B2}.Release|Any CPU.ActiveCfg = Release|Any CPU
		{75B30086-E3F7-4AB2-8F54-914530D134B2}.Release|Any CPU.Build.0 = Release|Any CPU
	EndGlobalSection
	GlobalSection(SolutionProperties) = preSolution
		HideSolutionNode = FALSE
	EndGlobalSection
	GlobalSection(ExtensibilityGlobals) = postSolution
		SolutionGuid = {C3043EEC-558F-4800-BC63-9930DACAD472}
	EndGlobalSection
EndGlobal
